
Microsoft Visual Studio Solution File, Format Version 12.00
# Visual Studio 15
Project("{FAE04EC0-301F-11D3-BF4B-00C04F79EFBC}") = "Assembly-CSharp-firstpass", "Assembly-CSharp-firstpass.csproj", "{63C0F6AA-AFCD-A633-CCA6-7291DBD63A8E}"
EndProject
Project("{FAE04EC0-301F-11D3-BF4B-00C04F79EFBC}") = "Assembly-CSharp", "Assembly-CSharp.csproj", "{1B59EBF7-0CE2-AC00-8506-481FCF88C981}"
EndProject
Project("{FAE04EC0-301F-11D3-BF4B-00C04F79EFBC}") = "Assembly-CSharp-Editor-firstpass", "Assembly-CSharp-Editor-firstpass.csproj", "{960E0EA2-B91D-1B59-F954-14DA1348B6B9}"
EndProject
Global
	GlobalSection(SolutionConfigurationPlatforms) = preSolution
		Debug|Any CPU = Debug|Any CPU
		Release|Any CPU = Release|Any CPU
	EndGlobalSection
	GlobalSection(ProjectConfigurationPlatforms) = postSolution
		{63C0F6AA-AFCD-A633-CCA6-7291DBD63A8E}.Debug|Any CPU.ActiveCfg = Debug|Any CPU
		{63C0F6AA-AFCD-A633-CCA6-7291DBD63A8E}.Debug|Any CPU.Build.0 = Debug|Any CPU
		{63C0F6AA-AFCD-A633-CCA6-7291DBD63A8E}.Release|Any CPU.ActiveCfg = Release|Any CPU
		{63C0F6AA-AFCD-A633-CCA6-7291DBD63A8E}.Release|Any CPU.Build.0 = Release|Any CPU
		{1B59EBF7-0CE2-AC00-8506-481FCF88C981}.Debug|Any CPU.ActiveCfg = Debug|Any CPU
		{1B59EBF7-0CE2-AC00-8506-481FCF88C981}.Debug|Any CPU.Build.0 = Debug|Any CPU
		{1B59EBF7-0CE2-AC00-8506-481FCF88C981}.Release|Any CPU.ActiveCfg = Release|Any CPU
		{1B59EBF7-0CE2-AC00-8506-481FCF88C981}.Release|Any CPU.Build.0 = Release|Any CPU
		{960E0EA2-B91D-1B59-F954-14DA1348B6B9}.Debug|Any CPU.ActiveCfg = Debug|Any CPU
		{960E0EA2-B91D-1B59-F954-14DA1348B6B9}.Debug|Any CPU.Build.0 = Debug|Any CPU
		{960E0EA2-B91D-1B59-F954-14DA1348B6B9}.Release|Any CPU.ActiveCfg = Release|Any CPU
		{960E0EA2-B91D-1B59-F954-14DA1348B6B9}.Release|Any CPU.Build.0 = Release|Any CPU
	EndGlobalSection
	GlobalSection(SolutionProperties) = preSolution
		HideSolutionNode = FALSE
	EndGlobalSection
EndGlobal
