
Microsoft Visual Studio Solution File, Format Version 12.00
# Visual Studio for Mac
Project("{FAE04EC0-301F-11D3-BF4B-00C04F79EFBC}") = "Assembly-CSharp-firstpass", "Assembly-CSharp-firstpass.csproj", "{63BFF1A3-71FB-F89C-0B36-A27F3C0462A0}"
EndProject
Project("{FAE04EC0-301F-11D3-BF4B-00C04F79EFBC}") = "Assembly-CSharp", "Assembly-CSharp.csproj", "{4909103D-C583-3C4F-F663-C272B0A86E95}"
EndProject
Project("{FAE04EC0-301F-11D3-BF4B-00C04F79EFBC}") = "Assembly-CSharp-Editor-firstpass", "Assembly-CSharp-Editor-firstpass.csproj", "{5211961F-B76F-77B8-08C8-3A7063AD4A11}"
EndProject
Global
	GlobalSection(SolutionConfigurationPlatforms) = preSolution
		Debug|Any CPU = Debug|Any CPU
		Release|Any CPU = Release|Any CPU
	EndGlobalSection
	GlobalSection(ProjectConfigurationPlatforms) = postSolution
		{63BFF1A3-71FB-F89C-0B36-A27F3C0462A0}.Debug|Any CPU.ActiveCfg = Debug|Any CPU
		{63BFF1A3-71FB-F89C-0B36-A27F3C0462A0}.Debug|Any CPU.Build.0 = Debug|Any CPU
		{63BFF1A3-71FB-F89C-0B36-A27F3C0462A0}.Release|Any CPU.ActiveCfg = Release|Any CPU
		{63BFF1A3-71FB-F89C-0B36-A27F3C0462A0}.Release|Any CPU.Build.0 = Release|Any CPU
		{4909103D-C583-3C4F-F663-C272B0A86E95}.Debug|Any CPU.ActiveCfg = Debug|Any CPU
		{4909103D-C583-3C4F-F663-C272B0A86E95}.Debug|Any CPU.Build.0 = Debug|Any CPU
		{4909103D-C583-3C4F-F663-C272B0A86E95}.Release|Any CPU.ActiveCfg = Release|Any CPU
		{4909103D-C583-3C4F-F663-C272B0A86E95}.Release|Any CPU.Build.0 = Release|Any CPU
		{5211961F-B76F-77B8-08C8-3A7063AD4A11}.Debug|Any CPU.ActiveCfg = Debug|Any CPU
		{5211961F-B76F-77B8-08C8-3A7063AD4A11}.Debug|Any CPU.Build.0 = Debug|Any CPU
		{5211961F-B76F-77B8-08C8-3A7063AD4A11}.Release|Any CPU.ActiveCfg = Release|Any CPU
		{5211961F-B76F-77B8-08C8-3A7063AD4A11}.Release|Any CPU.Build.0 = Release|Any CPU
	EndGlobalSection
	GlobalSection(SolutionProperties) = preSolution
		HideSolutionNode = FALSE
	EndGlobalSection
EndGlobal
